
Microsoft Visual Studio Solution File, Format Version 12.00
# Visual Studio Version 17
VisualStudioVersion = 17.4.33403.182
MinimumVisualStudioVersion = 10.0.40219.1
Project("{8BC9CEB8-8B4A-11D0-8D11-00A0C91BC942}") = "theChernoPointersCpp", "theChernoPointersCpp.vcxproj", "{A78D70C1-6851-44A0-8844-DF7EC5BFF9D1}"
EndProject
Global
	GlobalSection(SolutionConfigurationPlatforms) = preSolution
		Debug|x64 = Debug|x64
		Debug|x86 = Debug|x86
		Release|x64 = Release|x64
		Release|x86 = Release|x86
	EndGlobalSection
	GlobalSection(ProjectConfigurationPlatforms) = postSolution
		{A78D70C1-6851-44A0-8844-DF7EC5BFF9D1}.Debug|x64.ActiveCfg = Debug|x64
		{A78D70C1-6851-44A0-8844-DF7EC5BFF9D1}.Debug|x64.Build.0 = Debug|x64
		{A78D70C1-6851-44A0-8844-DF7EC5BFF9D1}.Debug|x86.ActiveCfg = Debug|Win32
		{A78D70C1-6851-44A0-8844-DF7EC5BFF9D1}.Debug|x86.Build.0 = Debug|Win32
		{A78D70C1-6851-44A0-8844-DF7EC5BFF9D1}.Release|x64.ActiveCfg = Release|x64
		{A78D70C1-6851-44A0-8844-DF7EC5BFF9D1}.Release|x64.Build.0 = Release|x64
		{A78D70C1-6851-44A0-8844-DF7EC5BFF9D1}.Release|x86.ActiveCfg = Release|Win32
		{A78D70C1-6851-44A0-8844-DF7EC5BFF9D1}.Release|x86.Build.0 = Release|Win32
	EndGlobalSection
	GlobalSection(SolutionProperties) = preSolution
		HideSolutionNode = FALSE
	EndGlobalSection
	GlobalSection(ExtensibilityGlobals) = postSolution
		SolutionGuid = {69EB5235-8FCB-485B-92DA-BD308599D113}
	EndGlobalSection
EndGlobal
