
Microsoft Visual Studio Solution File, Format Version 12.00
# Visual Studio Version 17
VisualStudioVersion = 17.4.33403.182
MinimumVisualStudioVersion = 10.0.40219.1
Project("{8BC9CEB8-8B4A-11D0-8D11-00A0C91BC942}") = "learncpp4.6fixedwidthints", "learncpp4.6fixedwidthints.vcxproj", "{B6CA7C4C-85F9-4198-8BDB-B34489A0B101}"
EndProject
Global
	GlobalSection(SolutionConfigurationPlatforms) = preSolution
		Debug|x64 = Debug|x64
		Debug|x86 = Debug|x86
		Release|x64 = Release|x64
		Release|x86 = Release|x86
	EndGlobalSection
	GlobalSection(ProjectConfigurationPlatforms) = postSolution
		{B6CA7C4C-85F9-4198-8BDB-B34489A0B101}.Debug|x64.ActiveCfg = Debug|x64
		{B6CA7C4C-85F9-4198-8BDB-B34489A0B101}.Debug|x64.Build.0 = Debug|x64
		{B6CA7C4C-85F9-4198-8BDB-B34489A0B101}.Debug|x86.ActiveCfg = Debug|Win32
		{B6CA7C4C-85F9-4198-8BDB-B34489A0B101}.Debug|x86.Build.0 = Debug|Win32
		{B6CA7C4C-85F9-4198-8BDB-B34489A0B101}.Release|x64.ActiveCfg = Release|x64
		{B6CA7C4C-85F9-4198-8BDB-B34489A0B101}.Release|x64.Build.0 = Release|x64
		{B6CA7C4C-85F9-4198-8BDB-B34489A0B101}.Release|x86.ActiveCfg = Release|Win32
		{B6CA7C4C-85F9-4198-8BDB-B34489A0B101}.Release|x86.Build.0 = Release|Win32
	EndGlobalSection
	GlobalSection(SolutionProperties) = preSolution
		HideSolutionNode = FALSE
	EndGlobalSection
	GlobalSection(ExtensibilityGlobals) = postSolution
		SolutionGuid = {BE801AB6-56A9-4328-9008-169F46A91876}
	EndGlobalSection
EndGlobal
