
Microsoft Visual Studio Solution File, Format Version 12.00
# Visual Studio Version 17
VisualStudioVersion = 17.4.33403.182
MinimumVisualStudioVersion = 10.0.40219.1
Project("{8BC9CEB8-8B4A-11D0-8D11-00A0C91BC942}") = "preprocessorCPP", "preprocessorCPP.vcxproj", "{F93EEEEC-DA0F-40BC-9A90-007F511CC33B}"
EndProject
Global
	GlobalSection(SolutionConfigurationPlatforms) = preSolution
		Debug|x64 = Debug|x64
		Debug|x86 = Debug|x86
		Release|x64 = Release|x64
		Release|x86 = Release|x86
	EndGlobalSection
	GlobalSection(ProjectConfigurationPlatforms) = postSolution
		{F93EEEEC-DA0F-40BC-9A90-007F511CC33B}.Debug|x64.ActiveCfg = Debug|x64
		{F93EEEEC-DA0F-40BC-9A90-007F511CC33B}.Debug|x64.Build.0 = Debug|x64
		{F93EEEEC-DA0F-40BC-9A90-007F511CC33B}.Debug|x86.ActiveCfg = Debug|Win32
		{F93EEEEC-DA0F-40BC-9A90-007F511CC33B}.Debug|x86.Build.0 = Debug|Win32
		{F93EEEEC-DA0F-40BC-9A90-007F511CC33B}.Release|x64.ActiveCfg = Release|x64
		{F93EEEEC-DA0F-40BC-9A90-007F511CC33B}.Release|x64.Build.0 = Release|x64
		{F93EEEEC-DA0F-40BC-9A90-007F511CC33B}.Release|x86.ActiveCfg = Release|Win32
		{F93EEEEC-DA0F-40BC-9A90-007F511CC33B}.Release|x86.Build.0 = Release|Win32
	EndGlobalSection
	GlobalSection(SolutionProperties) = preSolution
		HideSolutionNode = FALSE
	EndGlobalSection
	GlobalSection(ExtensibilityGlobals) = postSolution
		SolutionGuid = {0109A9F2-3DAB-48D6-B1F5-F7EECCB8391A}
	EndGlobalSection
EndGlobal
