
Microsoft Visual Studio Solution File, Format Version 12.00
# Visual Studio Version 17
VisualStudioVersion = 17.4.33403.182
MinimumVisualStudioVersion = 10.0.40219.1
Project("{8BC9CEB8-8B4A-11D0-8D11-00A0C91BC942}") = "learnCpp4.8Floats", "learnCpp4.8Floats.vcxproj", "{23872DFB-F1B1-4517-8017-6EF0B211573D}"
EndProject
Global
	GlobalSection(SolutionConfigurationPlatforms) = preSolution
		Debug|x64 = Debug|x64
		Debug|x86 = Debug|x86
		Release|x64 = Release|x64
		Release|x86 = Release|x86
	EndGlobalSection
	GlobalSection(ProjectConfigurationPlatforms) = postSolution
		{23872DFB-F1B1-4517-8017-6EF0B211573D}.Debug|x64.ActiveCfg = Debug|x64
		{23872DFB-F1B1-4517-8017-6EF0B211573D}.Debug|x64.Build.0 = Debug|x64
		{23872DFB-F1B1-4517-8017-6EF0B211573D}.Debug|x86.ActiveCfg = Debug|Win32
		{23872DFB-F1B1-4517-8017-6EF0B211573D}.Debug|x86.Build.0 = Debug|Win32
		{23872DFB-F1B1-4517-8017-6EF0B211573D}.Release|x64.ActiveCfg = Release|x64
		{23872DFB-F1B1-4517-8017-6EF0B211573D}.Release|x64.Build.0 = Release|x64
		{23872DFB-F1B1-4517-8017-6EF0B211573D}.Release|x86.ActiveCfg = Release|Win32
		{23872DFB-F1B1-4517-8017-6EF0B211573D}.Release|x86.Build.0 = Release|Win32
	EndGlobalSection
	GlobalSection(SolutionProperties) = preSolution
		HideSolutionNode = FALSE
	EndGlobalSection
	GlobalSection(ExtensibilityGlobals) = postSolution
		SolutionGuid = {D4C77718-9EA1-4CE6-901F-5E05DD60F964}
	EndGlobalSection
EndGlobal
